
Microsoft Visual Studio Solution File, Format Version 12.00
# Visual Studio Version 17
VisualStudioVersion = 17.8.34330.188
MinimumVisualStudioVersion = 10.0.40219.1
Project("{FAE04EC0-301F-11D3-BF4B-00C04F79EFBC}") = "csv2qrcode", "csv2qrcode\csv2qrcode.csproj", "{B7D7CFDA-2C94-42CE-B43A-524FF5B0FB84}"
EndProject
Global
	GlobalSection(SolutionConfigurationPlatforms) = preSolution
		Debug|Any CPU = Debug|Any CPU
		Release|Any CPU = Release|Any CPU
	EndGlobalSection
	GlobalSection(ProjectConfigurationPlatforms) = postSolution
		{B7D7CFDA-2C94-42CE-B43A-524FF5B0FB84}.Debug|Any CPU.ActiveCfg = Debug|Any CPU
		{B7D7CFDA-2C94-42CE-B43A-524FF5B0FB84}.Debug|Any CPU.Build.0 = Debug|Any CPU
		{B7D7CFDA-2C94-42CE-B43A-524FF5B0FB84}.Release|Any CPU.ActiveCfg = Release|Any CPU
		{B7D7CFDA-2C94-42CE-B43A-524FF5B0FB84}.Release|Any CPU.Build.0 = Release|Any CPU
	EndGlobalSection
	GlobalSection(SolutionProperties) = preSolution
		HideSolutionNode = FALSE
	EndGlobalSection
	GlobalSection(ExtensibilityGlobals) = postSolution
		SolutionGuid = {72B2C1E6-FD6F-48A5-A1C9-E339F4360474}
	EndGlobalSection
EndGlobal
